
Microsoft Visual Studio Solution File, Format Version 12.00
# Visual Studio Version 17
VisualStudioVersion = 17.0.31903.59
MinimumVisualStudioVersion = 10.0.40219.1
Project("{2150E333-8FDC-42A3-9474-1A3956D46DE8}") = "Aula5", "Aula5", "{C9C22370-D9A2-AC29-050F-7139BECDFD26}"
EndProject
Project("{FAE04EC0-301F-11D3-BF4B-00C04F79EFBC}") = "Exercicio2", "Aula5\Exercicio2\Exercicio2.csproj", "{0A8C259A-7B1F-4D93-B03A-B9ECBDB2A359}"
EndProject
Project("{FAE04EC0-301F-11D3-BF4B-00C04F79EFBC}") = "Exercicio4", "Aula5\Exercicio4\Exercicio4.csproj", "{32373BD0-D74A-4666-8BAB-9D5250AD61F7}"
EndProject
Project("{FAE04EC0-301F-11D3-BF4B-00C04F79EFBC}") = "Exercicio5", "Aula5\Exercicio5\Exercicio5.csproj", "{D651D308-2673-4432-957E-5A724650E290}"
EndProject
Global
	GlobalSection(SolutionConfigurationPlatforms) = preSolution
		Debug|Any CPU = Debug|Any CPU
		Debug|x64 = Debug|x64
		Debug|x86 = Debug|x86
		Release|Any CPU = Release|Any CPU
		Release|x64 = Release|x64
		Release|x86 = Release|x86
	EndGlobalSection
	GlobalSection(ProjectConfigurationPlatforms) = postSolution
		{0A8C259A-7B1F-4D93-B03A-B9ECBDB2A359}.Debug|Any CPU.ActiveCfg = Debug|Any CPU
		{0A8C259A-7B1F-4D93-B03A-B9ECBDB2A359}.Debug|Any CPU.Build.0 = Debug|Any CPU
		{0A8C259A-7B1F-4D93-B03A-B9ECBDB2A359}.Debug|x64.ActiveCfg = Debug|Any CPU
		{0A8C259A-7B1F-4D93-B03A-B9ECBDB2A359}.Debug|x64.Build.0 = Debug|Any CPU
		{0A8C259A-7B1F-4D93-B03A-B9ECBDB2A359}.Debug|x86.ActiveCfg = Debug|Any CPU
		{0A8C259A-7B1F-4D93-B03A-B9ECBDB2A359}.Debug|x86.Build.0 = Debug|Any CPU
		{0A8C259A-7B1F-4D93-B03A-B9ECBDB2A359}.Release|Any CPU.ActiveCfg = Release|Any CPU
		{0A8C259A-7B1F-4D93-B03A-B9ECBDB2A359}.Release|Any CPU.Build.0 = Release|Any CPU
		{0A8C259A-7B1F-4D93-B03A-B9ECBDB2A359}.Release|x64.ActiveCfg = Release|Any CPU
		{0A8C259A-7B1F-4D93-B03A-B9ECBDB2A359}.Release|x64.Build.0 = Release|Any CPU
		{0A8C259A-7B1F-4D93-B03A-B9ECBDB2A359}.Release|x86.ActiveCfg = Release|Any CPU
		{0A8C259A-7B1F-4D93-B03A-B9ECBDB2A359}.Release|x86.Build.0 = Release|Any CPU
		{32373BD0-D74A-4666-8BAB-9D5250AD61F7}.Debug|Any CPU.ActiveCfg = Debug|Any CPU
		{32373BD0-D74A-4666-8BAB-9D5250AD61F7}.Debug|Any CPU.Build.0 = Debug|Any CPU
		{32373BD0-D74A-4666-8BAB-9D5250AD61F7}.Debug|x64.ActiveCfg = Debug|Any CPU
		{32373BD0-D74A-4666-8BAB-9D5250AD61F7}.Debug|x64.Build.0 = Debug|Any CPU
		{32373BD0-D74A-4666-8BAB-9D5250AD61F7}.Debug|x86.ActiveCfg = Debug|Any CPU
		{32373BD0-D74A-4666-8BAB-9D5250AD61F7}.Debug|x86.Build.0 = Debug|Any CPU
		{32373BD0-D74A-4666-8BAB-9D5250AD61F7}.Release|Any CPU.ActiveCfg = Release|Any CPU
		{32373BD0-D74A-4666-8BAB-9D5250AD61F7}.Release|Any CPU.Build.0 = Release|Any CPU
		{32373BD0-D74A-4666-8BAB-9D5250AD61F7}.Release|x64.ActiveCfg = Release|Any CPU
		{32373BD0-D74A-4666-8BAB-9D5250AD61F7}.Release|x64.Build.0 = Release|Any CPU
		{32373BD0-D74A-4666-8BAB-9D5250AD61F7}.Release|x86.ActiveCfg = Release|Any CPU
		{32373BD0-D74A-4666-8BAB-9D5250AD61F7}.Release|x86.Build.0 = Release|Any CPU
		{D651D308-2673-4432-957E-5A724650E290}.Debug|Any CPU.ActiveCfg = Debug|Any CPU
		{D651D308-2673-4432-957E-5A724650E290}.Debug|Any CPU.Build.0 = Debug|Any CPU
		{D651D308-2673-4432-957E-5A724650E290}.Debug|x64.ActiveCfg = Debug|Any CPU
		{D651D308-2673-4432-957E-5A724650E290}.Debug|x64.Build.0 = Debug|Any CPU
		{D651D308-2673-4432-957E-5A724650E290}.Debug|x86.ActiveCfg = Debug|Any CPU
		{D651D308-2673-4432-957E-5A724650E290}.Debug|x86.Build.0 = Debug|Any CPU
		{D651D308-2673-4432-957E-5A724650E290}.Release|Any CPU.ActiveCfg = Release|Any CPU
		{D651D308-2673-4432-957E-5A724650E290}.Release|Any CPU.Build.0 = Release|Any CPU
		{D651D308-2673-4432-957E-5A724650E290}.Release|x64.ActiveCfg = Release|Any CPU
		{D651D308-2673-4432-957E-5A724650E290}.Release|x64.Build.0 = Release|Any CPU
		{D651D308-2673-4432-957E-5A724650E290}.Release|x86.ActiveCfg = Release|Any CPU
		{D651D308-2673-4432-957E-5A724650E290}.Release|x86.Build.0 = Release|Any CPU
	EndGlobalSection
	GlobalSection(SolutionProperties) = preSolution
		HideSolutionNode = FALSE
	EndGlobalSection
	GlobalSection(NestedProjects) = preSolution
		{0A8C259A-7B1F-4D93-B03A-B9ECBDB2A359} = {C9C22370-D9A2-AC29-050F-7139BECDFD26}
		{32373BD0-D74A-4666-8BAB-9D5250AD61F7} = {C9C22370-D9A2-AC29-050F-7139BECDFD26}
		{D651D308-2673-4432-957E-5A724650E290} = {C9C22370-D9A2-AC29-050F-7139BECDFD26}
	EndGlobalSection
EndGlobal
